
Microsoft Visual Studio Solution File, Format Version 12.00
# Visual Studio Version 17
VisualStudioVersion = 17.14.36915.13 d17.14
MinimumVisualStudioVersion = 10.0.40219.1
Project("{FAE04EC0-301F-11D3-BF4B-00C04F79EFBC}") = "AssetControl", "AssetControl\AssetControl.csproj", "{9F147EF3-1FFA-4301-B84B-6318173A4B31}"
EndProject
Global
	GlobalSection(SolutionConfigurationPlatforms) = preSolution
		Debug|Any CPU = Debug|Any CPU
		Release|Any CPU = Release|Any CPU
	EndGlobalSection
	GlobalSection(ProjectConfigurationPlatforms) = postSolution
		{9F147EF3-1FFA-4301-B84B-6318173A4B31}.Debug|Any CPU.ActiveCfg = Debug|Any CPU
		{9F147EF3-1FFA-4301-B84B-6318173A4B31}.Debug|Any CPU.Build.0 = Debug|Any CPU
		{9F147EF3-1FFA-4301-B84B-6318173A4B31}.Release|Any CPU.ActiveCfg = Release|Any CPU
		{9F147EF3-1FFA-4301-B84B-6318173A4B31}.Release|Any CPU.Build.0 = Release|Any CPU
	EndGlobalSection
	GlobalSection(SolutionProperties) = preSolution
		HideSolutionNode = FALSE
	EndGlobalSection
	GlobalSection(ExtensibilityGlobals) = postSolution
		SolutionGuid = {9F87AC12-77B4-44F4-B705-8064A421AEC3}
	EndGlobalSection
EndGlobal
